<?xml version="1.0" encoding="utf-8"?>
<Project ToolsVersion="4.0" xmlns="http://schemas.microsoft.com/developer/msbuild/2003">
  <ItemGroup>
    <Filter Include="Source Files">
      <UniqueIdentifier>{4FC737F1-C7A5-4376-A066-2A32D752A2FF}</UniqueIdentifier>
      <Extensions>cpp;c;cc;cxx;def;odl;idl;hpj;bat;asm;asmx</Extensions>
    </Filter>
    <Filter Include="Header Files">
      <UniqueIdentifier>{93995380-89BD-4b04-88EB-625FBE52EBFB}</UniqueIdentifier>
      <Extensions>h;hpp;hxx;hm;inl;inc;xsd</Extensions>
    </Filter>
    <Filter Include="Resource Files">
      <UniqueIdentifier>{67DA6AB6-F800-4c08-8B7A-83BB121AAD01}</UniqueIdentifier>
      <Extensions>rc;ico;cur;bmp;dlg;rc2;rct;bin;rgs;gif;jpg;jpeg;jpe;resx;tiff;tif;png;wav;mfcribbon-ms</Extensions>
    </Filter>
    <Filter Include="Resource Files\PNG">
      <UniqueIdentifier>{a29386d8-bb85-4716-865b-f543be04587e}</UniqueIdentifier>
    </Filter>
  </ItemGroup>
  <ItemGroup>
    <Text Include="ReadMe.txt" />
  </ItemGroup>
  <ItemGroup>
    <ClInclude Include="TW_Login_Dev.h">
      <Filter>Header Files</Filter>
    </ClInclude>
    <ClInclude Include="TW_Login_DevDlg.h">
      <Filter>Header Files</Filter>
    </ClInclude>
    <ClInclude Include="stdafx.h">
      <Filter>Header Files</Filter>
    </ClInclude>
    <ClInclude Include="targetver.h">
      <Filter>Header Files</Filter>
    </ClInclude>
    <ClInclude Include="Resource.h">
      <Filter>Header Files</Filter>
    </ClInclude>
    <ClInclude Include="AESEncAndDec.h">
      <Filter>Header Files</Filter>
    </ClInclude>
    <ClInclude Include="CustomFunction.h">
      <Filter>Header Files</Filter>
    </ClInclude>
    <ClInclude Include="Elevate.h">
      <Filter>Header Files</Filter>
    </ClInclude>
    <ClInclude Include="TW_Login_DevWnd.h">
      <Filter>Header Files</Filter>
    </ClInclude>
    <ClInclude Include="UTF8Conv.h">
      <Filter>Header Files</Filter>
    </ClInclude>
  </ItemGroup>
  <ItemGroup>
    <ClCompile Include="TW_Login_Dev.cpp">
      <Filter>Source Files</Filter>
    </ClCompile>
    <ClCompile Include="TW_Login_DevDlg.cpp">
      <Filter>Source Files</Filter>
    </ClCompile>
    <ClCompile Include="stdafx.cpp">
      <Filter>Source Files</Filter>
    </ClCompile>
    <ClCompile Include="Elevate.cpp">
      <Filter>Source Files</Filter>
    </ClCompile>
    <ClCompile Include="TW_Login_DevWnd.cpp">
      <Filter>Source Files</Filter>
    </ClCompile>
  </ItemGroup>
  <ItemGroup>
    <ResourceCompile Include="TW_Login_Dev.rc">
      <Filter>Resource Files</Filter>
    </ResourceCompile>
  </ItemGroup>
  <ItemGroup>
    <None Include="res\TW_Login_Dev.rc2">
      <Filter>Resource Files</Filter>
    </None>
  </ItemGroup>
  <ItemGroup>
    <Image Include="res\TW_Login_Dev.ico">
      <Filter>Resource Files</Filter>
    </Image>
    <Image Include="resource\Touching_BI.png">
      <Filter>Resource Files\PNG</Filter>
    </Image>
    <Image Include="resource\Touchworks_CI.png">
      <Filter>Resource Files\PNG</Filter>
    </Image>
    <Image Include="resource\Touching.ico">
      <Filter>Resource Files</Filter>
    </Image>
  </ItemGroup>
</Project>